
Microsoft Visual Studio Solution File, Format Version 12.00
# Visual Studio Version 17
VisualStudioVersion = 17.10.35027.167
MinimumVisualStudioVersion = 10.0.40219.1
Project("{FAE04EC0-301F-11D3-BF4B-00C04F79EFBC}") = "TranAnhDung_2122110043", "TranAnhDung_2122110043\TranAnhDung_2122110043.csproj", "{BCAB2DFE-4306-4C86-A188-3FCC78F9ECF7}"
EndProject
Global
	GlobalSection(SolutionConfigurationPlatforms) = preSolution
		Debug|Any CPU = Debug|Any CPU
		Release|Any CPU = Release|Any CPU
	EndGlobalSection
	GlobalSection(ProjectConfigurationPlatforms) = postSolution
		{BCAB2DFE-4306-4C86-A188-3FCC78F9ECF7}.Debug|Any CPU.ActiveCfg = Debug|Any CPU
		{BCAB2DFE-4306-4C86-A188-3FCC78F9ECF7}.Debug|Any CPU.Build.0 = Debug|Any CPU
		{BCAB2DFE-4306-4C86-A188-3FCC78F9ECF7}.Release|Any CPU.ActiveCfg = Release|Any CPU
		{BCAB2DFE-4306-4C86-A188-3FCC78F9ECF7}.Release|Any CPU.Build.0 = Release|Any CPU
	EndGlobalSection
	GlobalSection(SolutionProperties) = preSolution
		HideSolutionNode = FALSE
	EndGlobalSection
	GlobalSection(ExtensibilityGlobals) = postSolution
		SolutionGuid = {5D20B529-61B2-43A2-BE31-4F56A515640D}
	EndGlobalSection
EndGlobal
